
Microsoft Visual Studio Solution File, Format Version 12.00
# Visual Studio 15
VisualStudioVersion = 15.0.28010.2026
MinimumVisualStudioVersion = 10.0.40219.1
Project("{FAE04EC0-301F-11D3-BF4B-00C04F79EFBC}") = "SpatialiteForms", "SpatialiteForms\SpatialiteForms.csproj", "{ABA97D81-45C5-4036-9551-3DDBABA204AF}"
EndProject
Global
	GlobalSection(SolutionConfigurationPlatforms) = preSolution
		Debug|Any CPU = Debug|Any CPU
		Release|Any CPU = Release|Any CPU
	EndGlobalSection
	GlobalSection(ProjectConfigurationPlatforms) = postSolution
		{ABA97D81-45C5-4036-9551-3DDBABA204AF}.Debug|Any CPU.ActiveCfg = Debug|Any CPU
		{ABA97D81-45C5-4036-9551-3DDBABA204AF}.Debug|Any CPU.Build.0 = Debug|Any CPU
		{ABA97D81-45C5-4036-9551-3DDBABA204AF}.Release|Any CPU.ActiveCfg = Release|Any CPU
		{ABA97D81-45C5-4036-9551-3DDBABA204AF}.Release|Any CPU.Build.0 = Release|Any CPU
	EndGlobalSection
	GlobalSection(SolutionProperties) = preSolution
		HideSolutionNode = FALSE
	EndGlobalSection
	GlobalSection(ExtensibilityGlobals) = postSolution
		SolutionGuid = {3CD95996-69C0-4D1B-AECA-E0B32ADFA71D}
	EndGlobalSection
EndGlobal
